
Microsoft Visual Studio Solution File, Format Version 12.00
# Visual Studio Version 17
VisualStudioVersion = 17.5.33516.290
MinimumVisualStudioVersion = 10.0.40219.1
Project("{FAE04EC0-301F-11D3-BF4B-00C04F79EFBC}") = "Gerenciemento de Livros", "Gerenciemento de Livros\Gerenciemento de Livros.csproj", "{B06FA750-5574-4C9E-90A3-4A37FEDC0074}"
EndProject
Global
	GlobalSection(SolutionConfigurationPlatforms) = preSolution
		Debug|Any CPU = Debug|Any CPU
		Release|Any CPU = Release|Any CPU
	EndGlobalSection
	GlobalSection(ProjectConfigurationPlatforms) = postSolution
		{B06FA750-5574-4C9E-90A3-4A37FEDC0074}.Debug|Any CPU.ActiveCfg = Debug|Any CPU
		{B06FA750-5574-4C9E-90A3-4A37FEDC0074}.Debug|Any CPU.Build.0 = Debug|Any CPU
		{B06FA750-5574-4C9E-90A3-4A37FEDC0074}.Release|Any CPU.ActiveCfg = Release|Any CPU
		{B06FA750-5574-4C9E-90A3-4A37FEDC0074}.Release|Any CPU.Build.0 = Release|Any CPU
	EndGlobalSection
	GlobalSection(SolutionProperties) = preSolution
		HideSolutionNode = FALSE
	EndGlobalSection
	GlobalSection(ExtensibilityGlobals) = postSolution
		SolutionGuid = {A7D70F9B-6EAC-4BEF-BB25-B4412F328C40}
	EndGlobalSection
EndGlobal
